
Microsoft Visual Studio Solution File, Format Version 12.00
# Visual Studio Version 16
VisualStudioVersion = 16.0.30517.126
MinimumVisualStudioVersion = 10.0.40219.1
Project("{9A19103F-16F7-4668-BE54-9A1E7A4F7556}") = "P01.BinaryReflectedGrayCode", "P01.BinaryReflectedGrayCode\P01.BinaryReflectedGrayCode.csproj", "{D2A5A539-C185-4891-997F-E1A322E97B99}"
EndProject
Project("{9A19103F-16F7-4668-BE54-9A1E7A4F7556}") = "P02.Permutation", "P02.Permutation\P02.Permutation.csproj", "{792CCF9D-8F61-4996-8521-7DF00DBE1C31}"
EndProject
Project("{9A19103F-16F7-4668-BE54-9A1E7A4F7556}") = "P03.QuickSort", "P03.QuickSort\P03.QuickSort.csproj", "{24BDD76A-4DBA-4B90-9D6E-0DC1917678BA}"
EndProject
Project("{9A19103F-16F7-4668-BE54-9A1E7A4F7556}") = "P04.LinkedList", "P04.Test\P04.LinkedList.csproj", "{863A2E8C-4183-496A-8842-182AA2FB4481}"
EndProject
Project("{9A19103F-16F7-4668-BE54-9A1E7A4F7556}") = "P05.ReversePolishNotation", "P05.PolishRecord\P05.ReversePolishNotation.csproj", "{12E84085-584D-4240-9B33-DB5FAF56285E}"
EndProject
Project("{9A19103F-16F7-4668-BE54-9A1E7A4F7556}") = "P06.JosephusTask", "P06.JosephusTask\P06.JosephusTask.csproj", "{DA723CCD-7007-4666-892F-C61FA7DFA803}"
EndProject
Project("{9A19103F-16F7-4668-BE54-9A1E7A4F7556}") = "P07.BinaryTree", "P07.BinaryTree\P07.BinaryTree.csproj", "{74269E6F-3C64-40D5-8AC4-E4F572AA3576}"
EndProject
Project("{9A19103F-16F7-4668-BE54-9A1E7A4F7556}") = "P08.Graphs", "P08.Graphs\P08.Graphs.csproj", "{8B1A0AA5-9573-429F-A15C-BD6B1104BCB7}"
EndProject
Project("{9A19103F-16F7-4668-BE54-9A1E7A4F7556}") = "P09.Test", "P09.Test\P09.Test.csproj", "{1995EBDB-E56E-4C79-ACF9-904A7B49092D}"
EndProject
Project("{9A19103F-16F7-4668-BE54-9A1E7A4F7556}") = "P10.Test1", "P10.Test1\P10.Test1.csproj", "{9E1B9111-221D-481B-A0FB-735CC31357D3}"
EndProject
Project("{9A19103F-16F7-4668-BE54-9A1E7A4F7556}") = "P11.Sorts", "P11.SelectionSort\P11.Sorts.csproj", "{97AC3CD7-2F38-4F12-B8C2-EC35C64A3D24}"
EndProject
Project("{9A19103F-16F7-4668-BE54-9A1E7A4F7556}") = "P12.RemoveEveryNElement", "P12.RemoveEveryNElement\P12.RemoveEveryNElement.csproj", "{2D3AEAFD-A92A-4D79-8267-E4AAB2854629}"
EndProject
Project("{9A19103F-16F7-4668-BE54-9A1E7A4F7556}") = "P13.MergeCollections", "P13.MergeCollections\P13.MergeCollections.csproj", "{0B2F5AEA-237D-45EB-BBC8-110EC8773879}"
EndProject
Project("{9A19103F-16F7-4668-BE54-9A1E7A4F7556}") = "P14.SwapTwoElements", "P14.SwapTwoElements\P14.SwapTwoElements.csproj", "{A5F64D47-C196-4252-AAA2-62E988AC5977}"
EndProject
Project("{9A19103F-16F7-4668-BE54-9A1E7A4F7556}") = "P15.FillStack", "P15.FillStack\P15.FillStack.csproj", "{B5A0CE07-2D3C-4621-9FBF-DA4E32A571FD}"
EndProject
Project("{9A19103F-16F7-4668-BE54-9A1E7A4F7556}") = "P16.Exam", "P16.Exam\P16.Exam.csproj", "{C07A1FBA-744D-4E51-940A-795333532688}"
EndProject
Project("{FAE04EC0-301F-11D3-BF4B-00C04F79EFBC}") = "P17.AA", "P17.AA\P17.AA.csproj", "{E779001D-7BC5-4250-BC42-E08972E046EC}"
EndProject
Global
	GlobalSection(SolutionConfigurationPlatforms) = preSolution
		Debug|Any CPU = Debug|Any CPU
		Release|Any CPU = Release|Any CPU
	EndGlobalSection
	GlobalSection(ProjectConfigurationPlatforms) = postSolution
		{D2A5A539-C185-4891-997F-E1A322E97B99}.Debug|Any CPU.ActiveCfg = Debug|Any CPU
		{D2A5A539-C185-4891-997F-E1A322E97B99}.Debug|Any CPU.Build.0 = Debug|Any CPU
		{D2A5A539-C185-4891-997F-E1A322E97B99}.Release|Any CPU.ActiveCfg = Release|Any CPU
		{D2A5A539-C185-4891-997F-E1A322E97B99}.Release|Any CPU.Build.0 = Release|Any CPU
		{792CCF9D-8F61-4996-8521-7DF00DBE1C31}.Debug|Any CPU.ActiveCfg = Debug|Any CPU
		{792CCF9D-8F61-4996-8521-7DF00DBE1C31}.Debug|Any CPU.Build.0 = Debug|Any CPU
		{792CCF9D-8F61-4996-8521-7DF00DBE1C31}.Release|Any CPU.ActiveCfg = Release|Any CPU
		{792CCF9D-8F61-4996-8521-7DF00DBE1C31}.Release|Any CPU.Build.0 = Release|Any CPU
		{24BDD76A-4DBA-4B90-9D6E-0DC1917678BA}.Debug|Any CPU.ActiveCfg = Debug|Any CPU
		{24BDD76A-4DBA-4B90-9D6E-0DC1917678BA}.Debug|Any CPU.Build.0 = Debug|Any CPU
		{24BDD76A-4DBA-4B90-9D6E-0DC1917678BA}.Release|Any CPU.ActiveCfg = Release|Any CPU
		{24BDD76A-4DBA-4B90-9D6E-0DC1917678BA}.Release|Any CPU.Build.0 = Release|Any CPU
		{863A2E8C-4183-496A-8842-182AA2FB4481}.Debug|Any CPU.ActiveCfg = Debug|Any CPU
		{863A2E8C-4183-496A-8842-182AA2FB4481}.Debug|Any CPU.Build.0 = Debug|Any CPU
		{863A2E8C-4183-496A-8842-182AA2FB4481}.Release|Any CPU.ActiveCfg = Release|Any CPU
		{863A2E8C-4183-496A-8842-182AA2FB4481}.Release|Any CPU.Build.0 = Release|Any CPU
		{12E84085-584D-4240-9B33-DB5FAF56285E}.Debug|Any CPU.ActiveCfg = Debug|Any CPU
		{12E84085-584D-4240-9B33-DB5FAF56285E}.Debug|Any CPU.Build.0 = Debug|Any CPU
		{12E84085-584D-4240-9B33-DB5FAF56285E}.Release|Any CPU.ActiveCfg = Release|Any CPU
		{12E84085-584D-4240-9B33-DB5FAF56285E}.Release|Any CPU.Build.0 = Release|Any CPU
		{DA723CCD-7007-4666-892F-C61FA7DFA803}.Debug|Any CPU.ActiveCfg = Debug|Any CPU
		{DA723CCD-7007-4666-892F-C61FA7DFA803}.Debug|Any CPU.Build.0 = Debug|Any CPU
		{DA723CCD-7007-4666-892F-C61FA7DFA803}.Release|Any CPU.ActiveCfg = Release|Any CPU
		{DA723CCD-7007-4666-892F-C61FA7DFA803}.Release|Any CPU.Build.0 = Release|Any CPU
		{74269E6F-3C64-40D5-8AC4-E4F572AA3576}.Debug|Any CPU.ActiveCfg = Debug|Any CPU
		{74269E6F-3C64-40D5-8AC4-E4F572AA3576}.Debug|Any CPU.Build.0 = Debug|Any CPU
		{74269E6F-3C64-40D5-8AC4-E4F572AA3576}.Release|Any CPU.ActiveCfg = Release|Any CPU
		{74269E6F-3C64-40D5-8AC4-E4F572AA3576}.Release|Any CPU.Build.0 = Release|Any CPU
		{8B1A0AA5-9573-429F-A15C-BD6B1104BCB7}.Debug|Any CPU.ActiveCfg = Debug|Any CPU
		{8B1A0AA5-9573-429F-A15C-BD6B1104BCB7}.Debug|Any CPU.Build.0 = Debug|Any CPU
		{8B1A0AA5-9573-429F-A15C-BD6B1104BCB7}.Release|Any CPU.ActiveCfg = Release|Any CPU
		{8B1A0AA5-9573-429F-A15C-BD6B1104BCB7}.Release|Any CPU.Build.0 = Release|Any CPU
		{1995EBDB-E56E-4C79-ACF9-904A7B49092D}.Debug|Any CPU.ActiveCfg = Debug|Any CPU
		{1995EBDB-E56E-4C79-ACF9-904A7B49092D}.Debug|Any CPU.Build.0 = Debug|Any CPU
		{1995EBDB-E56E-4C79-ACF9-904A7B49092D}.Release|Any CPU.ActiveCfg = Release|Any CPU
		{1995EBDB-E56E-4C79-ACF9-904A7B49092D}.Release|Any CPU.Build.0 = Release|Any CPU
		{9E1B9111-221D-481B-A0FB-735CC31357D3}.Debug|Any CPU.ActiveCfg = Debug|Any CPU
		{9E1B9111-221D-481B-A0FB-735CC31357D3}.Debug|Any CPU.Build.0 = Debug|Any CPU
		{9E1B9111-221D-481B-A0FB-735CC31357D3}.Release|Any CPU.ActiveCfg = Release|Any CPU
		{9E1B9111-221D-481B-A0FB-735CC31357D3}.Release|Any CPU.Build.0 = Release|Any CPU
		{97AC3CD7-2F38-4F12-B8C2-EC35C64A3D24}.Debug|Any CPU.ActiveCfg = Debug|Any CPU
		{97AC3CD7-2F38-4F12-B8C2-EC35C64A3D24}.Debug|Any CPU.Build.0 = Debug|Any CPU
		{97AC3CD7-2F38-4F12-B8C2-EC35C64A3D24}.Release|Any CPU.ActiveCfg = Release|Any CPU
		{97AC3CD7-2F38-4F12-B8C2-EC35C64A3D24}.Release|Any CPU.Build.0 = Release|Any CPU
		{2D3AEAFD-A92A-4D79-8267-E4AAB2854629}.Debug|Any CPU.ActiveCfg = Debug|Any CPU
		{2D3AEAFD-A92A-4D79-8267-E4AAB2854629}.Debug|Any CPU.Build.0 = Debug|Any CPU
		{2D3AEAFD-A92A-4D79-8267-E4AAB2854629}.Release|Any CPU.ActiveCfg = Release|Any CPU
		{2D3AEAFD-A92A-4D79-8267-E4AAB2854629}.Release|Any CPU.Build.0 = Release|Any CPU
		{0B2F5AEA-237D-45EB-BBC8-110EC8773879}.Debug|Any CPU.ActiveCfg = Debug|Any CPU
		{0B2F5AEA-237D-45EB-BBC8-110EC8773879}.Debug|Any CPU.Build.0 = Debug|Any CPU
		{0B2F5AEA-237D-45EB-BBC8-110EC8773879}.Release|Any CPU.ActiveCfg = Release|Any CPU
		{0B2F5AEA-237D-45EB-BBC8-110EC8773879}.Release|Any CPU.Build.0 = Release|Any CPU
		{A5F64D47-C196-4252-AAA2-62E988AC5977}.Debug|Any CPU.ActiveCfg = Debug|Any CPU
		{A5F64D47-C196-4252-AAA2-62E988AC5977}.Debug|Any CPU.Build.0 = Debug|Any CPU
		{A5F64D47-C196-4252-AAA2-62E988AC5977}.Release|Any CPU.ActiveCfg = Release|Any CPU
		{A5F64D47-C196-4252-AAA2-62E988AC5977}.Release|Any CPU.Build.0 = Release|Any CPU
		{B5A0CE07-2D3C-4621-9FBF-DA4E32A571FD}.Debug|Any CPU.ActiveCfg = Debug|Any CPU
		{B5A0CE07-2D3C-4621-9FBF-DA4E32A571FD}.Debug|Any CPU.Build.0 = Debug|Any CPU
		{B5A0CE07-2D3C-4621-9FBF-DA4E32A571FD}.Release|Any CPU.ActiveCfg = Release|Any CPU
		{B5A0CE07-2D3C-4621-9FBF-DA4E32A571FD}.Release|Any CPU.Build.0 = Release|Any CPU
		{C07A1FBA-744D-4E51-940A-795333532688}.Debug|Any CPU.ActiveCfg = Debug|Any CPU
		{C07A1FBA-744D-4E51-940A-795333532688}.Debug|Any CPU.Build.0 = Debug|Any CPU
		{C07A1FBA-744D-4E51-940A-795333532688}.Release|Any CPU.ActiveCfg = Release|Any CPU
		{C07A1FBA-744D-4E51-940A-795333532688}.Release|Any CPU.Build.0 = Release|Any CPU
		{E779001D-7BC5-4250-BC42-E08972E046EC}.Debug|Any CPU.ActiveCfg = Debug|Any CPU
		{E779001D-7BC5-4250-BC42-E08972E046EC}.Debug|Any CPU.Build.0 = Debug|Any CPU
		{E779001D-7BC5-4250-BC42-E08972E046EC}.Release|Any CPU.ActiveCfg = Release|Any CPU
		{E779001D-7BC5-4250-BC42-E08972E046EC}.Release|Any CPU.Build.0 = Release|Any CPU
	EndGlobalSection
	GlobalSection(SolutionProperties) = preSolution
		HideSolutionNode = FALSE
	EndGlobalSection
	GlobalSection(ExtensibilityGlobals) = postSolution
		SolutionGuid = {FE0FDA30-7129-45F8-B714-69EFE57FCFEB}
	EndGlobalSection
EndGlobal
