
Microsoft Visual Studio Solution File, Format Version 12.00
# Visual Studio Version 16
VisualStudioVersion = 16.0.30517.126
MinimumVisualStudioVersion = 10.0.40219.1
Project("{9A19103F-16F7-4668-BE54-9A1E7A4F7556}") = "P01.BinaryReflectedGrayCode", "P01.BinaryReflectedGrayCode\P01.BinaryReflectedGrayCode.csproj", "{D2A5A539-C185-4891-997F-E1A322E97B99}"
EndProject
Project("{FAE04EC0-301F-11D3-BF4B-00C04F79EFBC}") = "P02.Permutation", "P02.Permutation\P02.Permutation.csproj", "{792CCF9D-8F61-4996-8521-7DF00DBE1C31}"
EndProject
Global
	GlobalSection(SolutionConfigurationPlatforms) = preSolution
		Debug|Any CPU = Debug|Any CPU
		Release|Any CPU = Release|Any CPU
	EndGlobalSection
	GlobalSection(ProjectConfigurationPlatforms) = postSolution
		{D2A5A539-C185-4891-997F-E1A322E97B99}.Debug|Any CPU.ActiveCfg = Debug|Any CPU
		{D2A5A539-C185-4891-997F-E1A322E97B99}.Debug|Any CPU.Build.0 = Debug|Any CPU
		{D2A5A539-C185-4891-997F-E1A322E97B99}.Release|Any CPU.ActiveCfg = Release|Any CPU
		{D2A5A539-C185-4891-997F-E1A322E97B99}.Release|Any CPU.Build.0 = Release|Any CPU
		{792CCF9D-8F61-4996-8521-7DF00DBE1C31}.Debug|Any CPU.ActiveCfg = Debug|Any CPU
		{792CCF9D-8F61-4996-8521-7DF00DBE1C31}.Debug|Any CPU.Build.0 = Debug|Any CPU
		{792CCF9D-8F61-4996-8521-7DF00DBE1C31}.Release|Any CPU.ActiveCfg = Release|Any CPU
		{792CCF9D-8F61-4996-8521-7DF00DBE1C31}.Release|Any CPU.Build.0 = Release|Any CPU
	EndGlobalSection
	GlobalSection(SolutionProperties) = preSolution
		HideSolutionNode = FALSE
	EndGlobalSection
	GlobalSection(ExtensibilityGlobals) = postSolution
		SolutionGuid = {FE0FDA30-7129-45F8-B714-69EFE57FCFEB}
	EndGlobalSection
EndGlobal
